
Microsoft Visual Studio Solution File, Format Version 12.00
# Visual Studio Version 17
VisualStudioVersion = 17.8.34309.116
MinimumVisualStudioVersion = 10.0.40219.1
Project("{FAE04EC0-301F-11D3-BF4B-00C04F79EFBC}") = "Vehicle Management", "Vehicle Management.csproj", "{412236E1-B15B-4A99-BE2D-F3DDE9B263CD}"
EndProject
Global
	GlobalSection(SolutionConfigurationPlatforms) = preSolution
		Debug|Any CPU = Debug|Any CPU
		Release|Any CPU = Release|Any CPU
	EndGlobalSection
	GlobalSection(ProjectConfigurationPlatforms) = postSolution
		{412236E1-B15B-4A99-BE2D-F3DDE9B263CD}.Debug|Any CPU.ActiveCfg = Debug|Any CPU
		{412236E1-B15B-4A99-BE2D-F3DDE9B263CD}.Debug|Any CPU.Build.0 = Debug|Any CPU
		{412236E1-B15B-4A99-BE2D-F3DDE9B263CD}.Release|Any CPU.ActiveCfg = Release|Any CPU
		{412236E1-B15B-4A99-BE2D-F3DDE9B263CD}.Release|Any CPU.Build.0 = Release|Any CPU
	EndGlobalSection
	GlobalSection(SolutionProperties) = preSolution
		HideSolutionNode = FALSE
	EndGlobalSection
	GlobalSection(ExtensibilityGlobals) = postSolution
		SolutionGuid = {CC11ABC8-52F6-4D69-B051-A43612048296}
	EndGlobalSection
EndGlobal
